
Microsoft Visual Studio Solution File, Format Version 12.00
# Visual Studio Version 16
VisualStudioVersion = 16.0.30804.86
MinimumVisualStudioVersion = 10.0.40219.1
Project("{FAE04EC0-301F-11D3-BF4B-00C04F79EFBC}") = "FinalProject", "FinalProject\FinalProject.csproj", "{ACDA06AA-E997-47EB-A1EB-6F311347A253}"
EndProject
Global
	GlobalSection(SolutionConfigurationPlatforms) = preSolution
		Debug|Any CPU = Debug|Any CPU
		Release|Any CPU = Release|Any CPU
	EndGlobalSection
	GlobalSection(ProjectConfigurationPlatforms) = postSolution
		{ACDA06AA-E997-47EB-A1EB-6F311347A253}.Debug|Any CPU.ActiveCfg = Debug|Any CPU
		{ACDA06AA-E997-47EB-A1EB-6F311347A253}.Debug|Any CPU.Build.0 = Debug|Any CPU
		{ACDA06AA-E997-47EB-A1EB-6F311347A253}.Release|Any CPU.ActiveCfg = Release|Any CPU
		{ACDA06AA-E997-47EB-A1EB-6F311347A253}.Release|Any CPU.Build.0 = Release|Any CPU
	EndGlobalSection
	GlobalSection(SolutionProperties) = preSolution
		HideSolutionNode = FALSE
	EndGlobalSection
	GlobalSection(ExtensibilityGlobals) = postSolution
		SolutionGuid = {BBC4F1FD-1CCA-455D-82A0-1AD42ABAD19F}
	EndGlobalSection
EndGlobal
